
Microsoft Visual Studio Solution File, Format Version 12.00
# Visual Studio Version 17
VisualStudioVersion = 17.8.34330.188
MinimumVisualStudioVersion = 10.0.40219.1
Project("{9A19103F-16F7-4668-BE54-9A1E7A4F7556}") = "CV19", "CV19\CV19.csproj", "{40723921-8217-4B0D-BA33-F508CFC006BE}"
EndProject
Project("{2150E333-8FDC-42A3-9474-1A3956D46DE8}") = "Tests", "Tests", "{6628153F-9F44-49DD-B33B-5ADD07393E0D}"
EndProject
Project("{FAE04EC0-301F-11D3-BF4B-00C04F79EFBC}") = "C19Console", "Tests\C19Console\C19Console.csproj", "{7332D63A-3944-46D7-B8BB-8E3A69D4E37B}"
EndProject
Global
	GlobalSection(SolutionConfigurationPlatforms) = preSolution
		Debug|Any CPU = Debug|Any CPU
		Release|Any CPU = Release|Any CPU
	EndGlobalSection
	GlobalSection(ProjectConfigurationPlatforms) = postSolution
		{40723921-8217-4B0D-BA33-F508CFC006BE}.Debug|Any CPU.ActiveCfg = Debug|Any CPU
		{40723921-8217-4B0D-BA33-F508CFC006BE}.Debug|Any CPU.Build.0 = Debug|Any CPU
		{40723921-8217-4B0D-BA33-F508CFC006BE}.Release|Any CPU.ActiveCfg = Release|Any CPU
		{40723921-8217-4B0D-BA33-F508CFC006BE}.Release|Any CPU.Build.0 = Release|Any CPU
		{7332D63A-3944-46D7-B8BB-8E3A69D4E37B}.Debug|Any CPU.ActiveCfg = Debug|Any CPU
		{7332D63A-3944-46D7-B8BB-8E3A69D4E37B}.Debug|Any CPU.Build.0 = Debug|Any CPU
		{7332D63A-3944-46D7-B8BB-8E3A69D4E37B}.Release|Any CPU.ActiveCfg = Release|Any CPU
		{7332D63A-3944-46D7-B8BB-8E3A69D4E37B}.Release|Any CPU.Build.0 = Release|Any CPU
	EndGlobalSection
	GlobalSection(SolutionProperties) = preSolution
		HideSolutionNode = FALSE
	EndGlobalSection
	GlobalSection(NestedProjects) = preSolution
		{7332D63A-3944-46D7-B8BB-8E3A69D4E37B} = {6628153F-9F44-49DD-B33B-5ADD07393E0D}
	EndGlobalSection
	GlobalSection(ExtensibilityGlobals) = postSolution
		SolutionGuid = {61741201-1C72-4E8F-A03E-81255FA40ADD}
	EndGlobalSection
EndGlobal
