
Microsoft Visual Studio Solution File, Format Version 12.00
# Visual Studio Version 17
VisualStudioVersion = 17.8.34330.188
MinimumVisualStudioVersion = 10.0.40219.1
Project("{FAE04EC0-301F-11D3-BF4B-00C04F79EFBC}") = "CV19", "CV19\CV19.csproj", "{40723921-8217-4B0D-BA33-F508CFC006BE}"
EndProject
Global
	GlobalSection(SolutionConfigurationPlatforms) = preSolution
		Debug|Any CPU = Debug|Any CPU
		Release|Any CPU = Release|Any CPU
	EndGlobalSection
	GlobalSection(ProjectConfigurationPlatforms) = postSolution
		{40723921-8217-4B0D-BA33-F508CFC006BE}.Debug|Any CPU.ActiveCfg = Debug|Any CPU
		{40723921-8217-4B0D-BA33-F508CFC006BE}.Debug|Any CPU.Build.0 = Debug|Any CPU
		{40723921-8217-4B0D-BA33-F508CFC006BE}.Release|Any CPU.ActiveCfg = Release|Any CPU
		{40723921-8217-4B0D-BA33-F508CFC006BE}.Release|Any CPU.Build.0 = Release|Any CPU
	EndGlobalSection
	GlobalSection(SolutionProperties) = preSolution
		HideSolutionNode = FALSE
	EndGlobalSection
	GlobalSection(ExtensibilityGlobals) = postSolution
		SolutionGuid = {61741201-1C72-4E8F-A03E-81255FA40ADD}
	EndGlobalSection
EndGlobal
